// !$*UTF8*$!
{
	archiveVersion = 1;
	classes = {
	};
	objectVersion = 50;
	objects = {

/* Begin PBXBuildFile section */
		846B3FD324D901AF002F42E2 /* AppDelegate.swift in Sources */ = {isa = PBXBuildFile; fileRef = 846B3FD224D901AF002F42E2 /* AppDelegate.swift */; };
		846B3FD524D901AF002F42E2 /* SceneDelegate.swift in Sources */ = {isa = PBXBuildFile; fileRef = 846B3FD424D901AF002F42E2 /* SceneDelegate.swift */; };
		846B3FD924D901B0002F42E2 /* Assets.xcassets in Resources */ = {isa = PBXBuildFile; fileRef = 846B3FD824D901B0002F42E2 /* Assets.xcassets */; };
		846B3FDC24D901B0002F42E2 /* Preview Assets.xcassets in Resources */ = {isa = PBXBuildFile; fileRef = 846B3FDB24D901B0002F42E2 /* Preview Assets.xcassets */; };
		846B3FDF24D901B0002F42E2 /* LaunchScreen.storyboard in Resources */ = {isa = PBXBuildFile; fileRef = 846B3FDD24D901B0002F42E2 /* LaunchScreen.storyboard */; };
		846B3FE724DA4065002F42E2 /* ListViewController.swift in Sources */ = {isa = PBXBuildFile; fileRef = 846B3FE624DA4065002F42E2 /* ListViewController.swift */; };
		846B3FE924DA6481002F42E2 /* ListCell.swift in Sources */ = {isa = PBXBuildFile; fileRef = 846B3FE824DA6481002F42E2 /* ListCell.swift */; };
		846B3FED24DA7576002F42E2 /* DetailsViewController.swift in Sources */ = {isa = PBXBuildFile; fileRef = 846B3FEC24DA7576002F42E2 /* DetailsViewController.swift */; };
		846B3FF124DB2859002F42E2 /* Feed.swift in Sources */ = {isa = PBXBuildFile; fileRef = 846B3FF024DB2859002F42E2 /* Feed.swift */; };
/* End PBXBuildFile section */

/* Begin PBXFileReference section */
		846B3FCF24D901AF002F42E2 /* CodingChallenge_JustinMcAlpin.app */ = {isa = PBXFileReference; explicitFileType = wrapper.application; includeInIndex = 0; path = CodingChallenge_JustinMcAlpin.app; sourceTree = BUILT_PRODUCTS_DIR; };
		846B3FD224D901AF002F42E2 /* AppDelegate.swift */ = {isa = PBXFileReference; lastKnownFileType = sourcecode.swift; path = AppDelegate.swift; sourceTree = "<group>"; };
		846B3FD424D901AF002F42E2 /* SceneDelegate.swift */ = {isa = PBXFileReference; lastKnownFileType = sourcecode.swift; path = SceneDelegate.swift; sourceTree = "<group>"; };
		846B3FD824D901B0002F42E2 /* Assets.xcassets */ = {isa = PBXFileReference; lastKnownFileType = folder.assetcatalog; path = Assets.xcassets; sourceTree = "<group>"; };
		846B3FDB24D901B0002F42E2 /* Preview Assets.xcassets */ = {isa = PBXFileReference; lastKnownFileType = folder.assetcatalog; path = "Preview Assets.xcassets"; sourceTree = "<group>"; };
		846B3FDE24D901B0002F42E2 /* Base */ = {isa = PBXFileReference; lastKnownFileType = file.storyboard; name = Base; path = Base.lproj/LaunchScreen.storyboard; sourceTree = "<group>"; };
		846B3FE024D901B0002F42E2 /* Info.plist */ = {isa = PBXFileReference; lastKnownFileType = text.plist.xml; path = Info.plist; sourceTree = "<group>"; };
		846B3FE624DA4065002F42E2 /* ListViewController.swift */ = {isa = PBXFileReference; lastKnownFileType = sourcecode.swift; path = ListViewController.swift; sourceTree = "<group>"; };
		846B3FE824DA6481002F42E2 /* ListCell.swift */ = {isa = PBXFileReference; lastKnownFileType = sourcecode.swift; path = ListCell.swift; sourceTree = "<group>"; };
		846B3FEC24DA7576002F42E2 /* DetailsViewController.swift */ = {isa = PBXFileReference; lastKnownFileType = sourcecode.swift; path = DetailsViewController.swift; sourceTree = "<group>"; };
		846B3FF024DB2859002F42E2 /* Feed.swift */ = {isa = PBXFileReference; lastKnownFileType = sourcecode.swift; path = Feed.swift; sourceTree = "<group>"; };
/* End PBXFileReference section */

/* Begin PBXFrameworksBuildPhase section */
		846B3FCC24D901AF002F42E2 /* Frameworks */ = {
			isa = PBXFrameworksBuildPhase;
			buildActionMask = 2147483647;
			files = (
			);
			runOnlyForDeploymentPostprocessing = 0;
		};
/* End PBXFrameworksBuildPhase section */

/* Begin PBXGroup section */
		846B3FC624D901AF002F42E2 = {
			isa = PBXGroup;
			children = (
				846B3FD124D901AF002F42E2 /* CodingChallenge_JustinMcAlpin */,
				846B3FD024D901AF002F42E2 /* Products */,
			);
			sourceTree = "<group>";
		};
		846B3FD024D901AF002F42E2 /* Products */ = {
			isa = PBXGroup;
			children = (
				846B3FCF24D901AF002F42E2 /* CodingChallenge_JustinMcAlpin.app */,
			);
			name = Products;
			sourceTree = "<group>";
		};
		846B3FD124D901AF002F42E2 /* CodingChallenge_JustinMcAlpin */ = {
			isa = PBXGroup;
			children = (
				846B3FEF24DB2813002F42E2 /* Model */,
				846B3FEE24DB280B002F42E2 /* ViewControllers */,
				846B3FF224DB2C55002F42E2 /* Cell */,
				846B3FD224D901AF002F42E2 /* AppDelegate.swift */,
				846B3FD424D901AF002F42E2 /* SceneDelegate.swift */,
				846B3FD824D901B0002F42E2 /* Assets.xcassets */,
				846B3FDD24D901B0002F42E2 /* LaunchScreen.storyboard */,
				846B3FE024D901B0002F42E2 /* Info.plist */,
				846B3FDA24D901B0002F42E2 /* Preview Content */,
			);
			path = CodingChallenge_JustinMcAlpin;
			sourceTree = "<group>";
		};
		846B3FDA24D901B0002F42E2 /* Preview Content */ = {
			isa = PBXGroup;
			children = (
				846B3FDB24D901B0002F42E2 /* Preview Assets.xcassets */,
			);
			path = "Preview Content";
			sourceTree = "<group>";
		};
		846B3FEE24DB280B002F42E2 /* ViewControllers */ = {
			isa = PBXGroup;
			children = (
				846B3FE624DA4065002F42E2 /* ListViewController.swift */,
				846B3FEC24DA7576002F42E2 /* DetailsViewController.swift */,
			);
			path = ViewControllers;
			sourceTree = "<group>";
		};
		846B3FEF24DB2813002F42E2 /* Model */ = {
			isa = PBXGroup;
			children = (
				846B3FF024DB2859002F42E2 /* Feed.swift */,
			);
			path = Model;
			sourceTree = "<group>";
		};
		846B3FF224DB2C55002F42E2 /* Cell */ = {
			isa = PBXGroup;
			children = (
				846B3FE824DA6481002F42E2 /* ListCell.swift */,
			);
			path = Cell;
			sourceTree = "<group>";
		};
/* End PBXGroup section */

/* Begin PBXNativeTarget section */
		846B3FCE24D901AF002F42E2 /* CodingChallenge_JustinMcAlpin */ = {
			isa = PBXNativeTarget;
			buildConfigurationList = 846B3FE324D901B0002F42E2 /* Build configuration list for PBXNativeTarget "CodingChallenge_JustinMcAlpin" */;
			buildPhases = (
				846B3FCB24D901AF002F42E2 /* Sources */,
				846B3FCC24D901AF002F42E2 /* Frameworks */,
				846B3FCD24D901AF002F42E2 /* Resources */,
			);
			buildRules = (
			);
			dependencies = (
			);
			name = CodingChallenge_JustinMcAlpin;
			productName = CodingChallenge_JustinMcAlpin;
			productReference = 846B3FCF24D901AF002F42E2 /* CodingChallenge_JustinMcAlpin.app */;
			productType = "com.apple.product-type.application";
		};
/* End PBXNativeTarget section */

/* Begin PBXProject section */
		846B3FC724D901AF002F42E2 /* Project object */ = {
			isa = PBXProject;
			attributes = {
				LastSwiftUpdateCheck = 1150;
				LastUpgradeCheck = 1150;
				TargetAttributes = {
					846B3FCE24D901AF002F42E2 = {
						CreatedOnToolsVersion = 11.5;
					};
				};
			};
			buildConfigurationList = 846B3FCA24D901AF002F42E2 /* Build configuration list for PBXProject "CodingChallenge_JustinMcAlpin" */;
			compatibilityVersion = "Xcode 9.3";
			developmentRegion = en;
			hasScannedForEncodings = 0;
			knownRegions = (
				en,
				Base,
			);
			mainGroup = 846B3FC624D901AF002F42E2;
			productRefGroup = 846B3FD024D901AF002F42E2 /* Products */;
			projectDirPath = "";
			projectRoot = "";
			targets = (
				846B3FCE24D901AF002F42E2 /* CodingChallenge_JustinMcAlpin */,
			);
		};
/* End PBXProject section */

/* Begin PBXResourcesBuildPhase section */
		846B3FCD24D901AF002F42E2 /* Resources */ = {
			isa = PBXResourcesBuildPhase;
			buildActionMask = 2147483647;
			files = (
				846B3FDF24D901B0002F42E2 /* LaunchScreen.storyboard in Resources */,
				846B3FDC24D901B0002F42E2 /* Preview Assets.xcassets in Resources */,
				846B3FD924D901B0002F42E2 /* Assets.xcassets in Resources */,
			);
			runOnlyForDeploymentPostprocessing = 0;
		};
/* End PBXResourcesBuildPhase section */

/* Begin PBXSourcesBuildPhase section */
		846B3FCB24D901AF002F42E2 /* Sources */ = {
			isa = PBXSourcesBuildPhase;
			buildActionMask = 2147483647;
			files = (
				846B3FD324D901AF002F42E2 /* AppDelegate.swift in Sources */,
				846B3FF124DB2859002F42E2 /* Feed.swift in Sources */,
				846B3FE924DA6481002F42E2 /* ListCell.swift in Sources */,
				846B3FD524D901AF002F42E2 /* SceneDelegate.swift in Sources */,
				846B3FE724DA4065002F42E2 /* ListViewController.swift in Sources */,
				846B3FED24DA7576002F42E2 /* DetailsViewController.swift in Sources */,
			);
			runOnlyForDeploymentPostprocessing = 0;
		};
/* End PBXSourcesBuildPhase section */

/* Begin PBXVariantGroup section */
		846B3FDD24D901B0002F42E2 /* LaunchScreen.storyboard */ = {
			isa = PBXVariantGroup;
			children = (
				846B3FDE24D901B0002F42E2 /* Base */,
			);
			name = LaunchScreen.storyboard;
			sourceTree = "<group>";
		};
/* End PBXVariantGroup section */

/* Begin XCBuildConfiguration section */
		846B3FE124D901B0002F42E2 /* Debug */ = {
			isa = XCBuildConfiguration;
			buildSettings = {
				ALWAYS_SEARCH_USER_PATHS = NO;
				CLANG_ANALYZER_NONNULL = YES;
				CLANG_ANALYZER_NUMBER_OBJECT_CONVERSION = YES_AGGRESSIVE;
				CLANG_CXX_LANGUAGE_STANDARD = "gnu++14";
				CLANG_CXX_LIBRARY = "libc++";
				CLANG_ENABLE_MODULES = YES;
				CLANG_ENABLE_OBJC_ARC = YES;
				CLANG_ENABLE_OBJC_WEAK = YES;
				CLANG_WARN_BLOCK_CAPTURE_AUTORELEASING = YES;
				CLANG_WARN_BOOL_CONVERSION = YES;
				CLANG_WARN_COMMA = YES;
				CLANG_WARN_CONSTANT_CONVERSION = YES;
				CLANG_WARN_DEPRECATED_OBJC_IMPLEMENTATIONS = YES;
				CLANG_WARN_DIRECT_OBJC_ISA_USAGE = YES_ERROR;
				CLANG_WARN_DOCUMENTATION_COMMENTS = YES;
				CLANG_WARN_EMPTY_BODY = YES;
				CLANG_WARN_ENUM_CONVERSION = YES;
				CLANG_WARN_INFINITE_RECURSION = YES;
				CLANG_WARN_INT_CONVERSION = YES;
				CLANG_WARN_NON_LITERAL_NULL_CONVERSION = YES;
				CLANG_WARN_OBJC_IMPLICIT_RETAIN_SELF = YES;
				CLANG_WARN_OBJC_LITERAL_CONVERSION = YES;
				CLANG_WARN_OBJC_ROOT_CLASS = YES_ERROR;
				CLANG_WARN_RANGE_LOOP_ANALYSIS = YES;
				CLANG_WARN_STRICT_PROTOTYPES = YES;
				CLANG_WARN_SUSPICIOUS_MOVE = YES;
				CLANG_WARN_UNGUARDED_AVAILABILITY = YES_AGGRESSIVE;
				CLANG_WARN_UNREACHABLE_CODE = YES;
				CLANG_WARN__DUPLICATE_METHOD_MATCH = YES;
				COPY_PHASE_STRIP = NO;
				DEBUG_INFORMATION_FORMAT = dwarf;
				ENABLE_STRICT_OBJC_MSGSEND = YES;
				ENABLE_TESTABILITY = YES;
				GCC_C_LANGUAGE_STANDARD = gnu11;
				GCC_DYNAMIC_NO_PIC = NO;
				GCC_NO_COMMON_BLOCKS = YES;
				GCC_OPTIMIZATION_LEVEL = 0;
				GCC_PREPROCESSOR_DEFINITIONS = (
					"DEBUG=1",
					"$(inherited)",
				);
				GCC_WARN_64_TO_32_BIT_CONVERSION = YES;
				GCC_WARN_ABOUT_RETURN_TYPE = YES_ERROR;
				GCC_WARN_UNDECLARED_SELECTOR = YES;
				GCC_WARN_UNINITIALIZED_AUTOS = YES_AGGRESSIVE;
				GCC_WARN_UNUSED_FUNCTION = YES;
				GCC_WARN_UNUSED_VARIABLE = YES;
				IPHONEOS_DEPLOYMENT_TARGET = 13.5;
				MTL_ENABLE_DEBUG_INFO = INCLUDE_SOURCE;
				MTL_FAST_MATH = YES;
				ONLY_ACTIVE_ARCH = YES;
				SDKROOT = iphoneos;
				SWIFT_ACTIVE_COMPILATION_CONDITIONS = DEBUG;
				SWIFT_OPTIMIZATION_LEVEL = "-Onone";
			};
			name = Debug;
		};
		846B3FE224D901B0002F42E2 /* Release */ = {
			isa = XCBuildConfiguration;
			buildSettings = {
				ALWAYS_SEARCH_USER_PATHS = NO;
				CLANG_ANALYZER_NONNULL = YES;
				CLANG_ANALYZER_NUMBER_OBJECT_CONVERSION = YES_AGGRESSIVE;
				CLANG_CXX_LANGUAGE_STANDARD = "gnu++14";
				CLANG_CXX_LIBRARY = "libc++";
				CLANG_ENABLE_MODULES = YES;
				CLANG_ENABLE_OBJC_ARC = YES;
				CLANG_ENABLE_OBJC_WEAK = YES;
				CLANG_WARN_BLOCK_CAPTURE_AUTORELEASING = YES;
				CLANG_WARN_BOOL_CONVERSION = YES;
				CLANG_WARN_COMMA = YES;
				CLANG_WARN_CONSTANT_CONVERSION = YES;
				CLANG_WARN_DEPRECATED_OBJC_IMPLEMENTATIONS = YES;
				CLANG_WARN_DIRECT_OBJC_ISA_USAGE = YES_ERROR;
				CLANG_WARN_DOCUMENTATION_COMMENTS = YES;
				CLANG_WARN_EMPTY_BODY = YES;
				CLANG_WARN_ENUM_CONVERSION = YES;
				CLANG_WARN_INFINITE_RECURSION = YES;
				CLANG_WARN_INT_CONVERSION = YES;
				CLANG_WARN_NON_LITERAL_NULL_CONVERSION = YES;
				CLANG_WARN_OBJC_IMPLICIT_RETAIN_SELF = YES;
				CLANG_WARN_OBJC_LITERAL_CONVERSION = YES;
				CLANG_WARN_OBJC_ROOT_CLASS = YES_ERROR;
				CLANG_WARN_RANGE_LOOP_ANALYSIS = YES;
				CLANG_WARN_STRICT_PROTOTYPES = YES;
				CLANG_WARN_SUSPICIOUS_MOVE = YES;
				CLANG_WARN_UNGUARDED_AVAILABILITY = YES_AGGRESSIVE;
				CLANG_WARN_UNREACHABLE_CODE = YES;
				CLANG_WARN__DUPLICATE_METHOD_MATCH = YES;
				COPY_PHASE_STRIP = NO;
				DEBUG_INFORMATION_FORMAT = "dwarf-with-dsym";
				ENABLE_NS_ASSERTIONS = NO;
				ENABLE_STRICT_OBJC_MSGSEND = YES;
				GCC_C_LANGUAGE_STANDARD = gnu11;
				GCC_NO_COMMON_BLOCKS = YES;
				GCC_WARN_64_TO_32_BIT_CONVERSION = YES;
				GCC_WARN_ABOUT_RETURN_TYPE = YES_ERROR;
				GCC_WARN_UNDECLARED_SELECTOR = YES;
				GCC_WARN_UNINITIALIZED_AUTOS = YES_AGGRESSIVE;
				GCC_WARN_UNUSED_FUNCTION = YES;
				GCC_WARN_UNUSED_VARIABLE = YES;
				IPHONEOS_DEPLOYMENT_TARGET = 13.5;
				MTL_ENABLE_DEBUG_INFO = NO;
				MTL_FAST_MATH = YES;
				SDKROOT = iphoneos;
				SWIFT_COMPILATION_MODE = wholemodule;
				SWIFT_OPTIMIZATION_LEVEL = "-O";
				VALIDATE_PRODUCT = YES;
			};
			name = Release;
		};
		846B3FE424D901B0002F42E2 /* Debug */ = {
			isa = XCBuildConfiguration;
			buildSettings = {
				ASSETCATALOG_COMPILER_APPICON_NAME = AppIcon;
				CODE_SIGN_STYLE = Automatic;
				DEVELOPMENT_ASSET_PATHS = "\"CodingChallenge_JustinMcAlpin/Preview Content\"";
				ENABLE_PREVIEWS = YES;
				INFOPLIST_FILE = CodingChallenge_JustinMcAlpin/Info.plist;
				LD_RUNPATH_SEARCH_PATHS = (
					"$(inherited)",
					"@executable_path/Frameworks",
				);
				PRODUCT_BUNDLE_IDENTIFIER = "Nike.CodingChallenge-JustinMcAlpin";
				PRODUCT_NAME = "$(TARGET_NAME)";
				SWIFT_VERSION = 5.0;
				TARGETED_DEVICE_FAMILY = "1,2";
			};
			name = Debug;
		};
		846B3FE524D901B0002F42E2 /* Release */ = {
			isa = XCBuildConfiguration;
			buildSettings = {
				ASSETCATALOG_COMPILER_APPICON_NAME = AppIcon;
				CODE_SIGN_STYLE = Automatic;
				DEVELOPMENT_ASSET_PATHS = "\"CodingChallenge_JustinMcAlpin/Preview Content\"";
				ENABLE_PREVIEWS = YES;
				INFOPLIST_FILE = CodingChallenge_JustinMcAlpin/Info.plist;
				LD_RUNPATH_SEARCH_PATHS = (
					"$(inherited)",
					"@executable_path/Frameworks",
				);
				PRODUCT_BUNDLE_IDENTIFIER = "Nike.CodingChallenge-JustinMcAlpin";
				PRODUCT_NAME = "$(TARGET_NAME)";
				SWIFT_VERSION = 5.0;
				TARGETED_DEVICE_FAMILY = "1,2";
			};
			name = Release;
		};
/* End XCBuildConfiguration section */

/* Begin XCConfigurationList section */
		846B3FCA24D901AF002F42E2 /* Build configuration list for PBXProject "CodingChallenge_JustinMcAlpin" */ = {
			isa = XCConfigurationList;
			buildConfigurations = (
				846B3FE124D901B0002F42E2 /* Debug */,
				846B3FE224D901B0002F42E2 /* Release */,
			);
			defaultConfigurationIsVisible = 0;
			defaultConfigurationName = Release;
		};
		846B3FE324D901B0002F42E2 /* Build configuration list for PBXNativeTarget "CodingChallenge_JustinMcAlpin" */ = {
			isa = XCConfigurationList;
			buildConfigurations = (
				846B3FE424D901B0002F42E2 /* Debug */,
				846B3FE524D901B0002F42E2 /* Release */,
			);
			defaultConfigurationIsVisible = 0;
			defaultConfigurationName = Release;
		};
/* End XCConfigurationList section */
	};
	rootObject = 846B3FC724D901AF002F42E2 /* Project object */;
}
